<?xml version="1.0" encoding="utf-8"?>
<Project ToolsVersion="4.0" xmlns="http://schemas.microsoft.com/developer/msbuild/2003">
  <ItemGroup>
    <Filter Include="Source Files">
      <UniqueIdentifier>{4FC737F1-C7A5-4376-A066-2A32D752A2FF}</UniqueIdentifier>
      <Extensions>cpp;c;cc;cxx;def;odl;idl;hpj;bat;asm;asmx</Extensions>
    </Filter>
  </ItemGroup>
  <ItemGroup>
    <None Include="README.md" />
    <None Include="TODO.md" />
  </ItemGroup>
  <ItemGroup>
    <ClInclude Include="src\sqlite3.h">
      <Filter>Source Files</Filter>
    </ClInclude>
    <ClInclude Include="src\picosha2.h">
      <Filter>Source Files</Filter>
    </ClInclude>
    <ClInclude Include="src\CLogger.h">
      <Filter>Source Files</Filter>
    </ClInclude>
    <ClInclude Include="src\COptions.h">
      <Filter>Source Files</Filter>
    </ClInclude>
    <ClInclude Include="src\CPath.h">
      <Filter>Source Files</Filter>
    </ClInclude>
    <ClInclude Include="src\CRepoFile.h">
      <Filter>Source Files</Filter>
    </ClInclude>
    <ClInclude Include="src\CRepository.h">
      <Filter>Source Files</Filter>
    </ClInclude>
    <ClInclude Include="src\CSize.h">
      <Filter>Source Files</Filter>
    </ClInclude>
    <ClInclude Include="src\CSnapshot.h">
      <Filter>Source Files</Filter>
    </ClInclude>
    <ClInclude Include="src\CSqliteWrapper.h">
      <Filter>Source Files</Filter>
    </ClInclude>
    <ClInclude Include="src\CCmd.h">
      <Filter>Source Files</Filter>
    </ClInclude>
    <ClInclude Include="src\CCmdBackup.h">
      <Filter>Source Files</Filter>
    </ClInclude>
    <ClInclude Include="src\CCmdClone.h">
      <Filter>Source Files</Filter>
    </ClInclude>
    <ClInclude Include="src\CCmdDistill.h">
      <Filter>Source Files</Filter>
    </ClInclude>
    <ClInclude Include="src\CCmdPurge.h">
      <Filter>Source Files</Filter>
    </ClInclude>
    <ClInclude Include="src\CCmdVerify.h">
      <Filter>Source Files</Filter>
    </ClInclude>
    <ClInclude Include="src\CFileTable.h">
      <Filter>Source Files</Filter>
    </ClInclude>
    <ClInclude Include="src\Helpers.h">
      <Filter>Source Files</Filter>
    </ClInclude>
    <ClInclude Include="src\CTime.h">
      <Filter>Source Files</Filter>
    </ClInclude>
  </ItemGroup>
  <ItemGroup>
    <ClCompile Include="src\sqlite3.c">
      <Filter>Source Files</Filter>
    </ClCompile>
    <ClCompile Include="src\CLogger.cpp">
      <Filter>Source Files</Filter>
    </ClCompile>
    <ClCompile Include="src\COptions.cpp">
      <Filter>Source Files</Filter>
    </ClCompile>
    <ClCompile Include="src\CPath.cpp">
      <Filter>Source Files</Filter>
    </ClCompile>
    <ClCompile Include="src\CRepoFile.cpp">
      <Filter>Source Files</Filter>
    </ClCompile>
    <ClCompile Include="src\CRepository.cpp">
      <Filter>Source Files</Filter>
    </ClCompile>
    <ClCompile Include="src\CSize.cpp">
      <Filter>Source Files</Filter>
    </ClCompile>
    <ClCompile Include="src\CSnapshot.cpp">
      <Filter>Source Files</Filter>
    </ClCompile>
    <ClCompile Include="src\CSqliteWrapper.cpp">
      <Filter>Source Files</Filter>
    </ClCompile>
    <ClCompile Include="src\Main.cpp">
      <Filter>Source Files</Filter>
    </ClCompile>
    <ClCompile Include="src\CCmdBackup.cpp">
      <Filter>Source Files</Filter>
    </ClCompile>
    <ClCompile Include="src\CCmdClone.cpp">
      <Filter>Source Files</Filter>
    </ClCompile>
    <ClCompile Include="src\CCmdDistill.cpp">
      <Filter>Source Files</Filter>
    </ClCompile>
    <ClCompile Include="src\CCmdPurge.cpp">
      <Filter>Source Files</Filter>
    </ClCompile>
    <ClCompile Include="src\CCmdVerify.cpp">
      <Filter>Source Files</Filter>
    </ClCompile>
    <ClCompile Include="src\CFileTable.cpp">
      <Filter>Source Files</Filter>
    </ClCompile>
    <ClCompile Include="src\Helpers.cpp">
      <Filter>Source Files</Filter>
    </ClCompile>
    <ClCompile Include="src\CTime.cpp">
      <Filter>Source Files</Filter>
    </ClCompile>
  </ItemGroup>
</Project>